
Microsoft Visual Studio Solution File, Format Version 12.00
# Visual Studio Version 17
VisualStudioVersion = 17.6.33829.357
MinimumVisualStudioVersion = 10.0.40219.1
Project("{FAE04EC0-301F-11D3-BF4B-00C04F79EFBC}") = "диплом2", "диплом2\диплом2.csproj", "{B7F03F48-E003-467A-AD7B-A41E9AD55CB1}"
EndProject
Global
	GlobalSection(SolutionConfigurationPlatforms) = preSolution
		Debug|Any CPU = Debug|Any CPU
		Release|Any CPU = Release|Any CPU
	EndGlobalSection
	GlobalSection(ProjectConfigurationPlatforms) = postSolution
		{B7F03F48-E003-467A-AD7B-A41E9AD55CB1}.Debug|Any CPU.ActiveCfg = Debug|Any CPU
		{B7F03F48-E003-467A-AD7B-A41E9AD55CB1}.Debug|Any CPU.Build.0 = Debug|Any CPU
		{B7F03F48-E003-467A-AD7B-A41E9AD55CB1}.Release|Any CPU.ActiveCfg = Release|Any CPU
		{B7F03F48-E003-467A-AD7B-A41E9AD55CB1}.Release|Any CPU.Build.0 = Release|Any CPU
	EndGlobalSection
	GlobalSection(SolutionProperties) = preSolution
		HideSolutionNode = FALSE
	EndGlobalSection
	GlobalSection(ExtensibilityGlobals) = postSolution
		SolutionGuid = {5CDA9467-EAFD-454B-A306-25F3CD13575F}
	EndGlobalSection
EndGlobal
